{
  "version": 1,
  "dependencies": {
    "net10.0-windows7.0": {
      "DalamudPackager": {
        "type": "Direct",
        "requested": "[15.0.0, )",
        "resolved": "15.0.0",
        "contentHash": "411vwC8/X8Z/sQ2TI6v3SvOn66xFPeOjFn3Zn+h0d3Ox2t1kFm66AhDvmx/qcMwVrR+Hidxj0dadpQ2dgyXMBQ=="
      },
      "DotNet.ReproducibleBuilds": {
        "type": "Direct",
        "requested": "[1.2.39, )",
        "resolved": "1.2.39",
        "contentHash": "fcFN01tDTIQqDuTwr1jUQK/geofiwjG5DycJQOnC72i1SsLAk1ELe+apBOuZ11UMQG8YKFZG1FgvjZPbqHyatg=="
      },
      "Google.Apis.YouTube.v3": {
        "type": "Direct",
        "requested": "[1.75.0.4176, )",
        "resolved": "1.75.0.4176",
        "contentHash": "Q5Hc5Qwg9EOc9OBvowxj93Nb1hx4kKbXC2ohbDclVSx1uIvyqbZtA4bDGaCCxGgq+BUyyaGSCloJqRqk+X7Y6g==",
        "dependencies": {
          "Google.Apis": "1.75.0",
          "Google.Apis.Auth": "1.75.0"
        }
      },
      "Newtonsoft.Json": {
        "type": "Direct",
        "requested": "[13.0.4, )",
        "resolved": "13.0.4",
        "contentHash": "pdgNNMai3zv51W5aq268sujXUyx7SNdE2bj1wZcWjAQrKMFZV260lbqYop1d2GM67JI1huLRwxo9ZqnfF/lC6A=="
      },
      "obs-websocket-dotnet": {
        "type": "Direct",
        "requested": "[5.0.1, )",
        "resolved": "5.0.1",
        "contentHash": "iV8P7q3hdzAjYdlga5pc/rE+Jk7PfgfD4saSx2JCyMYnJkQb97MpVLKTc+RYHoMX2m+3nCKQHaGhsdvrYXGjxA==",
        "dependencies": {
          "Microsoft.Extensions.Logging.Abstractions": "9.0.4",
          "Newtonsoft.Json": "13.0.3",
          "Websocket.Client": "5.1.2"
        }
      },
      "System.Reactive": {
        "type": "Direct",
        "requested": "[6.1.0, )",
        "resolved": "6.1.0",
        "contentHash": "M5cCC1ZMkZr9jbSQGTHnVkb5TDN67qWCV7AP8TAHdGkvDlu0puT5NzemESNn9+HkYIDpWpocP68/i+/ame2/2w=="
      },
      "Google.Apis": {
        "type": "Transitive",
        "resolved": "1.75.0",
        "contentHash": "ZqODi2IvyTBezeGztemXv6U/+VinyqxxPiyoW2CZbzIrUp+a35Rt5tzUjXHPXK9nA1YQi/w8ABpYQpBm31ditw==",
        "dependencies": {
          "Google.Apis.Core": "1.75.0"
        }
      },
      "Google.Apis.Auth": {
        "type": "Transitive",
        "resolved": "1.75.0",
        "contentHash": "hzuGwUBIQYdFkChXm62E5Suxe+q5PHt2uE5EunGBco2j01uQJGlUgzNujZvGHMlAIEHaytzhdn3v3v52ZPgv2Q==",
        "dependencies": {
          "Google.Apis": "1.75.0",
          "Google.Apis.Core": "1.75.0",
          "System.Management": "7.0.2"
        }
      },
      "Google.Apis.Core": {
        "type": "Transitive",
        "resolved": "1.75.0",
        "contentHash": "7AuI44XP4LzMFiOjdk4GCtCxJTIWZcjrXLeGjLYYSpTHHbiPkvm76XNym7zPOnD90sIg+zdTulg+I6D5W5spTQ==",
        "dependencies": {
          "Newtonsoft.Json": "13.0.4"
        }
      },
      "Microsoft.Extensions.DependencyInjection.Abstractions": {
        "type": "Transitive",
        "resolved": "9.0.4",
        "contentHash": "UI0TQPVkS78bFdjkTodmkH0Fe8lXv9LnhGFKgKrsgUJ5a5FVdFRcgjIkBVLbGgdRhxWirxH/8IXUtEyYJx6GQg=="
      },
      "Microsoft.Extensions.Logging.Abstractions": {
        "type": "Transitive",
        "resolved": "9.0.4",
        "contentHash": "0MXlimU4Dud6t+iNi5NEz3dO2w1HXdhoOLaYFuLPCjAsvlPQGwOT6V2KZRMLEhCAm/stSZt1AUv0XmDdkjvtbw==",
        "dependencies": {
          "Microsoft.Extensions.DependencyInjection.Abstractions": "9.0.4"
        }
      },
      "Microsoft.IO.RecyclableMemoryStream": {
        "type": "Transitive",
        "resolved": "3.0.0",
        "contentHash": "irv0HuqoH8Ig5i2fO+8dmDNdFdsrO+DoQcedwIlb810qpZHBNQHZLW7C/AHBQDgLLpw2T96vmMAy/aE4Yj55Sg=="
      },
      "System.CodeDom": {
        "type": "Transitive",
        "resolved": "7.0.0",
        "contentHash": "GLltyqEsE5/3IE+zYRP5sNa1l44qKl9v+bfdMcwg+M9qnQf47wK3H0SUR/T+3N4JEQXF3vV4CSuuo0rsg+nq2A=="
      },
      "System.Management": {
        "type": "Transitive",
        "resolved": "7.0.2",
        "contentHash": "/qEUN91mP/MUQmJnM5y5BdT7ZoPuVrtxnFlbJ8a3kBJGhe2wCzBfnPFtK2wTtEEcf3DMGR9J00GZZfg6HRI6yA==",
        "dependencies": {
          "System.CodeDom": "7.0.0"
        }
      },
      "Websocket.Client": {
        "type": "Transitive",
        "resolved": "5.1.2",
        "contentHash": "ZE5VoUCIYbfACGmXxgfD96i4W0wyBk0JEwIViyPpvxdk/pNfzh2SX9BgEj8fTqNaxlFl0bUTWq1UUvR/c18BTQ==",
        "dependencies": {
          "Microsoft.Extensions.Logging.Abstractions": "8.0.0",
          "Microsoft.IO.RecyclableMemoryStream": "3.0.0",
          "System.Reactive": "6.0.0"
        }
      }
    }
  }
}